
Microsoft Visual Studio Solution File, Format Version 12.00
# Visual Studio Version 16
VisualStudioVersion = 16.0.32413.511
MinimumVisualStudioVersion = 10.0.40219.1
Project("{FAE04EC0-301F-11D3-BF4B-00C04F79EFBC}") = "cookies ex 2", "cookies ex 2\cookies ex 2.csproj", "{7C270C08-8C3B-401D-98AB-78DEB5AF16A7}"
EndProject
Global
	GlobalSection(SolutionConfigurationPlatforms) = preSolution
		Debug|Any CPU = Debug|Any CPU
		Release|Any CPU = Release|Any CPU
	EndGlobalSection
	GlobalSection(ProjectConfigurationPlatforms) = postSolution
		{7C270C08-8C3B-401D-98AB-78DEB5AF16A7}.Debug|Any CPU.ActiveCfg = Debug|Any CPU
		{7C270C08-8C3B-401D-98AB-78DEB5AF16A7}.Debug|Any CPU.Build.0 = Debug|Any CPU
		{7C270C08-8C3B-401D-98AB-78DEB5AF16A7}.Release|Any CPU.ActiveCfg = Release|Any CPU
		{7C270C08-8C3B-401D-98AB-78DEB5AF16A7}.Release|Any CPU.Build.0 = Release|Any CPU
	EndGlobalSection
	GlobalSection(SolutionProperties) = preSolution
		HideSolutionNode = FALSE
	EndGlobalSection
	GlobalSection(ExtensibilityGlobals) = postSolution
		SolutionGuid = {87EB1823-27CD-47F1-9A25-F69BD68856B1}
	EndGlobalSection
EndGlobal
